{
  "pins" : [
    {
      "identity" : "swoircore",
      "kind" : "remoteSourceControl",
      "location" : "https://github.com/Swoir/SwoirCore.git",
      "state" : {
        "revision" : "ad7e3d5c33366d045152b1f785c7f02f8e523a03",
        "version" : "0.7.1"
      }
    },
    {
      "identity" : "swoirenberg",
      "kind" : "remoteSourceControl",
      "location" : "https://github.com/rarimo/Swoirenberg.git",
      "state" : {
        "revision" : "45b74e93865aa8e91b32baf50c52406e37b301c6",
        "version" : "1.0.0-beta.1"
      }
    }
  ],
  "version" : 2
}
