{
  "pins" : [
    {
      "identity" : "swoircore",
      "kind" : "remoteSourceControl",
      "location" : "https://github.com/Swoir/SwoirCore.git",
      "state" : {
        "revision" : "ad7e3d5c33366d045152b1f785c7f02f8e523a03",
        "version" : "0.7.1"
      }
    },
    {
      "identity" : "swoirenberg",
      "kind" : "remoteSourceControl",
      "location" : "https://github.com/rarimo/Swoirenberg.git",
      "state" : {
        "revision" : "30fa342a6dc918f6a5e286ff091899209672ead4",
        "version" : "1.1.1-beta.0"
      }
    }
  ],
  "version" : 2
}
