{
  "pins" : [
    {
      "identity" : "swoircore",
      "kind" : "remoteSourceControl",
      "location" : "https://github.com/Swoir/SwoirCore.git",
      "state" : {
        "revision" : "ad7e3d5c33366d045152b1f785c7f02f8e523a03",
        "version" : "0.7.1"
      }
    },
    {
      "identity" : "swoirenberg",
      "kind" : "remoteSourceControl",
      "location" : "https://github.com/rarimo/Swoirenberg.git",
      "state" : {
        "revision" : "1b0be4eb197bc48b9007785c9eb9a1dbb6d15c09",
        "version" : "1.0.7"
      }
    }
  ],
  "version" : 2
}
